
Microsoft Visual Studio Solution File, Format Version 12.00
# Visual Studio Version 16
VisualStudioVersion = 16.0.31402.337
MinimumVisualStudioVersion = 10.0.40219.1
Project("{888888A0-9F3D-457C-B088-3A5042F75D52}") = "Автоматизация тестирования с помощью Selenium и Python", "Автоматизация тестирования с помощью Selenium и Python\Автоматизация тестирования с помощью Selenium и Python.pyproj", "{6901C40A-6DBD-4ED0-92FA-0837AD359C24}"
EndProject
Global
	GlobalSection(SolutionConfigurationPlatforms) = preSolution
		Debug|Any CPU = Debug|Any CPU
		Release|Any CPU = Release|Any CPU
	EndGlobalSection
	GlobalSection(ProjectConfigurationPlatforms) = postSolution
		{6901C40A-6DBD-4ED0-92FA-0837AD359C24}.Debug|Any CPU.ActiveCfg = Debug|Any CPU
		{6901C40A-6DBD-4ED0-92FA-0837AD359C24}.Release|Any CPU.ActiveCfg = Release|Any CPU
	EndGlobalSection
	GlobalSection(SolutionProperties) = preSolution
		HideSolutionNode = FALSE
	EndGlobalSection
	GlobalSection(ExtensibilityGlobals) = postSolution
		SolutionGuid = {64788F43-C151-4753-9778-A212AEA9837D}
	EndGlobalSection
EndGlobal
